
Microsoft Visual Studio Solution File, Format Version 11.00
# Visual Studio 2010
Project("{FAE04EC0-301F-11D3-BF4B-00C04F79EFBC}") = "VuforiaScripts", "VuforiaScripts.csproj", "{272F2FF7-9F85-5CBA-A5EE-69B006876499}"
EndProject
Project("{FAE04EC0-301F-11D3-BF4B-00C04F79EFBC}") = "Assembly-CSharp", "Assembly-CSharp.csproj", "{B2F375FA-6690-BC8F-6A55-CAFD6BA8BC90}"
EndProject
Project("{FAE04EC0-301F-11D3-BF4B-00C04F79EFBC}") = "VuforiaEditorScripts", "VuforiaEditorScripts.csproj", "{6929DA7A-90CD-10F8-4071-A57B8729CF28}"
EndProject
Global
	GlobalSection(SolutionConfigurationPlatforms) = preSolution
		Debug|Any CPU = Debug|Any CPU
		Release|Any CPU = Release|Any CPU
	EndGlobalSection
	GlobalSection(ProjectConfigurationPlatforms) = postSolution
		{272F2FF7-9F85-5CBA-A5EE-69B006876499}.Debug|Any CPU.ActiveCfg = Debug|Any CPU
		{272F2FF7-9F85-5CBA-A5EE-69B006876499}.Debug|Any CPU.Build.0 = Debug|Any CPU
		{272F2FF7-9F85-5CBA-A5EE-69B006876499}.Release|Any CPU.ActiveCfg = Release|Any CPU
		{272F2FF7-9F85-5CBA-A5EE-69B006876499}.Release|Any CPU.Build.0 = Release|Any CPU
		{B2F375FA-6690-BC8F-6A55-CAFD6BA8BC90}.Debug|Any CPU.ActiveCfg = Debug|Any CPU
		{B2F375FA-6690-BC8F-6A55-CAFD6BA8BC90}.Debug|Any CPU.Build.0 = Debug|Any CPU
		{B2F375FA-6690-BC8F-6A55-CAFD6BA8BC90}.Release|Any CPU.ActiveCfg = Release|Any CPU
		{B2F375FA-6690-BC8F-6A55-CAFD6BA8BC90}.Release|Any CPU.Build.0 = Release|Any CPU
		{6929DA7A-90CD-10F8-4071-A57B8729CF28}.Debug|Any CPU.ActiveCfg = Debug|Any CPU
		{6929DA7A-90CD-10F8-4071-A57B8729CF28}.Debug|Any CPU.Build.0 = Debug|Any CPU
		{6929DA7A-90CD-10F8-4071-A57B8729CF28}.Release|Any CPU.ActiveCfg = Release|Any CPU
		{6929DA7A-90CD-10F8-4071-A57B8729CF28}.Release|Any CPU.Build.0 = Release|Any CPU
	EndGlobalSection
	GlobalSection(SolutionProperties) = preSolution
		HideSolutionNode = FALSE
	EndGlobalSection
	GlobalSection(MonoDevelopProperties) = preSolution
		StartupItem = Assembly-CSharp.csproj
	EndGlobalSection
EndGlobal
